
Microsoft Visual Studio Solution File, Format Version 12.00
# Visual Studio Version 17
VisualStudioVersion = 17.5.33516.290
MinimumVisualStudioVersion = 10.0.40219.1
Project("{FAE04EC0-301F-11D3-BF4B-00C04F79EFBC}") = "1. Four-In-A-Row - Procedural", "1. Four-In-A-Row - Procedural\1. Four-In-A-Row - Procedural.csproj", "{BE15F49A-8C35-4229-9556-D00C98204B3E}"
EndProject
Project("{FAE04EC0-301F-11D3-BF4B-00C04F79EFBC}") = "Four-In-A-Row - Procedural with Functions", "Four-In-A-Row - Procedural with Functions\Four-In-A-Row - Procedural with Functions.csproj", "{2AD949C4-3448-4BEA-8754-BFEC10C050E9}"
EndProject
Global
	GlobalSection(SolutionConfigurationPlatforms) = preSolution
		Debug|Any CPU = Debug|Any CPU
		Release|Any CPU = Release|Any CPU
	EndGlobalSection
	GlobalSection(ProjectConfigurationPlatforms) = postSolution
		{BE15F49A-8C35-4229-9556-D00C98204B3E}.Debug|Any CPU.ActiveCfg = Debug|Any CPU
		{BE15F49A-8C35-4229-9556-D00C98204B3E}.Debug|Any CPU.Build.0 = Debug|Any CPU
		{BE15F49A-8C35-4229-9556-D00C98204B3E}.Release|Any CPU.ActiveCfg = Release|Any CPU
		{BE15F49A-8C35-4229-9556-D00C98204B3E}.Release|Any CPU.Build.0 = Release|Any CPU
		{2AD949C4-3448-4BEA-8754-BFEC10C050E9}.Debug|Any CPU.ActiveCfg = Debug|Any CPU
		{2AD949C4-3448-4BEA-8754-BFEC10C050E9}.Debug|Any CPU.Build.0 = Debug|Any CPU
		{2AD949C4-3448-4BEA-8754-BFEC10C050E9}.Release|Any CPU.ActiveCfg = Release|Any CPU
		{2AD949C4-3448-4BEA-8754-BFEC10C050E9}.Release|Any CPU.Build.0 = Release|Any CPU
	EndGlobalSection
	GlobalSection(SolutionProperties) = preSolution
		HideSolutionNode = FALSE
	EndGlobalSection
	GlobalSection(ExtensibilityGlobals) = postSolution
		SolutionGuid = {58B5C9B1-6F30-433C-AA98-912E51F24F86}
	EndGlobalSection
EndGlobal
